
Microsoft Visual Studio Solution File, Format Version 12.00
# Visual Studio 2012
Project("{F184B08F-C81C-45F6-A57F-5ABD9991F28F}") = "Databasedropdownlistbox", "Databasedropdownlistbox\Databasedropdownlistbox.vbproj", "{850D6BD0-45C6-47C0-B47D-C545552157DB}"
EndProject
Global
	GlobalSection(SolutionConfigurationPlatforms) = preSolution
		Debug|Any CPU = Debug|Any CPU
		Release|Any CPU = Release|Any CPU
	EndGlobalSection
	GlobalSection(ProjectConfigurationPlatforms) = postSolution
		{850D6BD0-45C6-47C0-B47D-C545552157DB}.Debug|Any CPU.ActiveCfg = Debug|Any CPU
		{850D6BD0-45C6-47C0-B47D-C545552157DB}.Debug|Any CPU.Build.0 = Debug|Any CPU
		{850D6BD0-45C6-47C0-B47D-C545552157DB}.Release|Any CPU.ActiveCfg = Release|Any CPU
		{850D6BD0-45C6-47C0-B47D-C545552157DB}.Release|Any CPU.Build.0 = Release|Any CPU
	EndGlobalSection
	GlobalSection(SolutionProperties) = preSolution
		HideSolutionNode = FALSE
	EndGlobalSection
EndGlobal
